// !$*UTF8*$!
{
	archiveVersion = 1;
	classes = {
	};
	objectVersion = 55;
	objects = {

/* Begin PBXBuildFile section */
		FAB05D3A2892401700525D98 /* AppDelegate.swift in Sources */ = {isa = PBXBuildFile; fileRef = FAB05D392892401700525D98 /* AppDelegate.swift */; };
		FAB05D3C2892401700525D98 /* SceneDelegate.swift in Sources */ = {isa = PBXBuildFile; fileRef = FAB05D3B2892401700525D98 /* SceneDelegate.swift */; };
		FAB05D3E2892401700525D98 /* ViewController.swift in Sources */ = {isa = PBXBuildFile; fileRef = FAB05D3D2892401700525D98 /* ViewController.swift */; };
		FAB05D412892401700525D98 /* Main.storyboard in Resources */ = {isa = PBXBuildFile; fileRef = FAB05D3F2892401700525D98 /* Main.storyboard */; };
		FAB05D432892401C00525D98 /* Assets.xcassets in Resources */ = {isa = PBXBuildFile; fileRef = FAB05D422892401C00525D98 /* Assets.xcassets */; };
		FAB05D462892401C00525D98 /* LaunchScreen.storyboard in Resources */ = {isa = PBXBuildFile; fileRef = FAB05D442892401C00525D98 /* LaunchScreen.storyboard */; };
		FAB05D512892401C00525D98 /* Quantity_MeasurementTests.swift in Sources */ = {isa = PBXBuildFile; fileRef = FAB05D502892401C00525D98 /* Quantity_MeasurementTests.swift */; };
		FAB05D5B2892401C00525D98 /* Quantity_MeasurementUITests.swift in Sources */ = {isa = PBXBuildFile; fileRef = FAB05D5A2892401C00525D98 /* Quantity_MeasurementUITests.swift */; };
		FAB05D5D2892401C00525D98 /* Quantity_MeasurementUITestsLaunchTests.swift in Sources */ = {isa = PBXBuildFile; fileRef = FAB05D5C2892401C00525D98 /* Quantity_MeasurementUITestsLaunchTests.swift */; };
		FAD149532895939D0005EEAF /* ViewControllerConverter.swift in Sources */ = {isa = PBXBuildFile; fileRef = FAD149522895939D0005EEAF /* ViewControllerConverter.swift */; };
/* End PBXBuildFile section */

/* Begin PBXContainerItemProxy section */
		FAB05D4D2892401C00525D98 /* PBXContainerItemProxy */ = {
			isa = PBXContainerItemProxy;
			containerPortal = FAB05D2E2892401700525D98 /* Project object */;
			proxyType = 1;
			remoteGlobalIDString = FAB05D352892401700525D98;
			remoteInfo = Quantity_Measurement;
		};
		FAB05D572892401C00525D98 /* PBXContainerItemProxy */ = {
			isa = PBXContainerItemProxy;
			containerPortal = FAB05D2E2892401700525D98 /* Project object */;
			proxyType = 1;
			remoteGlobalIDString = FAB05D352892401700525D98;
			remoteInfo = Quantity_Measurement;
		};
/* End PBXContainerItemProxy section */

/* Begin PBXFileReference section */
		FAB05D362892401700525D98 /* Quantity_Measurement.app */ = {isa = PBXFileReference; explicitFileType = wrapper.application; includeInIndex = 0; path = Quantity_Measurement.app; sourceTree = BUILT_PRODUCTS_DIR; };
		FAB05D392892401700525D98 /* AppDelegate.swift */ = {isa = PBXFileReference; lastKnownFileType = sourcecode.swift; path = AppDelegate.swift; sourceTree = "<group>"; };
		FAB05D3B2892401700525D98 /* SceneDelegate.swift */ = {isa = PBXFileReference; lastKnownFileType = sourcecode.swift; path = SceneDelegate.swift; sourceTree = "<group>"; };
		FAB05D3D2892401700525D98 /* ViewController.swift */ = {isa = PBXFileReference; lastKnownFileType = sourcecode.swift; path = ViewController.swift; sourceTree = "<group>"; };
		FAB05D402892401700525D98 /* Base */ = {isa = PBXFileReference; lastKnownFileType = file.storyboard; name = Base; path = Base.lproj/Main.storyboard; sourceTree = "<group>"; };
		FAB05D422892401C00525D98 /* Assets.xcassets */ = {isa = PBXFileReference; lastKnownFileType = folder.assetcatalog; path = Assets.xcassets; sourceTree = "<group>"; };
		FAB05D452892401C00525D98 /* Base */ = {isa = PBXFileReference; lastKnownFileType = file.storyboard; name = Base; path = Base.lproj/LaunchScreen.storyboard; sourceTree = "<group>"; };
		FAB05D472892401C00525D98 /* Info.plist */ = {isa = PBXFileReference; lastKnownFileType = text.plist.xml; path = Info.plist; sourceTree = "<group>"; };
		FAB05D4C2892401C00525D98 /* Quantity_MeasurementTests.xctest */ = {isa = PBXFileReference; explicitFileType = wrapper.cfbundle; includeInIndex = 0; path = Quantity_MeasurementTests.xctest; sourceTree = BUILT_PRODUCTS_DIR; };
		FAB05D502892401C00525D98 /* Quantity_MeasurementTests.swift */ = {isa = PBXFileReference; lastKnownFileType = sourcecode.swift; path = Quantity_MeasurementTests.swift; sourceTree = "<group>"; };
		FAB05D562892401C00525D98 /* Quantity_MeasurementUITests.xctest */ = {isa = PBXFileReference; explicitFileType = wrapper.cfbundle; includeInIndex = 0; path = Quantity_MeasurementUITests.xctest; sourceTree = BUILT_PRODUCTS_DIR; };
		FAB05D5A2892401C00525D98 /* Quantity_MeasurementUITests.swift */ = {isa = PBXFileReference; lastKnownFileType = sourcecode.swift; path = Quantity_MeasurementUITests.swift; sourceTree = "<group>"; };
		FAB05D5C2892401C00525D98 /* Quantity_MeasurementUITestsLaunchTests.swift */ = {isa = PBXFileReference; lastKnownFileType = sourcecode.swift; path = Quantity_MeasurementUITestsLaunchTests.swift; sourceTree = "<group>"; };
		FAD149522895939D0005EEAF /* ViewControllerConverter.swift */ = {isa = PBXFileReference; lastKnownFileType = sourcecode.swift; path = ViewControllerConverter.swift; sourceTree = "<group>"; };
/* End PBXFileReference section */

/* Begin PBXFrameworksBuildPhase section */
		FAB05D332892401700525D98 /* Frameworks */ = {
			isa = PBXFrameworksBuildPhase;
			buildActionMask = 2147483647;
			files = (
			);
			runOnlyForDeploymentPostprocessing = 0;
		};
		FAB05D492892401C00525D98 /* Frameworks */ = {
			isa = PBXFrameworksBuildPhase;
			buildActionMask = 2147483647;
			files = (
			);
			runOnlyForDeploymentPostprocessing = 0;
		};
		FAB05D532892401C00525D98 /* Frameworks */ = {
			isa = PBXFrameworksBuildPhase;
			buildActionMask = 2147483647;
			files = (
			);
			runOnlyForDeploymentPostprocessing = 0;
		};
/* End PBXFrameworksBuildPhase section */

/* Begin PBXGroup section */
		FAB05D2D2892401700525D98 = {
			isa = PBXGroup;
			children = (
				FAB05D382892401700525D98 /* Quantity_Measurement */,
				FAB05D4F2892401C00525D98 /* Quantity_MeasurementTests */,
				FAB05D592892401C00525D98 /* Quantity_MeasurementUITests */,
				FAB05D372892401700525D98 /* Products */,
			);
			sourceTree = "<group>";
		};
		FAB05D372892401700525D98 /* Products */ = {
			isa = PBXGroup;
			children = (
				FAB05D362892401700525D98 /* Quantity_Measurement.app */,
				FAB05D4C2892401C00525D98 /* Quantity_MeasurementTests.xctest */,
				FAB05D562892401C00525D98 /* Quantity_MeasurementUITests.xctest */,
			);
			name = Products;
			sourceTree = "<group>";
		};
		FAB05D382892401700525D98 /* Quantity_Measurement */ = {
			isa = PBXGroup;
			children = (
				FAB05D392892401700525D98 /* AppDelegate.swift */,
				FAB05D3B2892401700525D98 /* SceneDelegate.swift */,
				FAD149522895939D0005EEAF /* ViewControllerConverter.swift */,
				FAB05D3D2892401700525D98 /* ViewController.swift */,
				FAB05D3F2892401700525D98 /* Main.storyboard */,
				FAB05D422892401C00525D98 /* Assets.xcassets */,
				FAB05D442892401C00525D98 /* LaunchScreen.storyboard */,
				FAB05D472892401C00525D98 /* Info.plist */,
			);
			path = Quantity_Measurement;
			sourceTree = "<group>";
		};
		FAB05D4F2892401C00525D98 /* Quantity_MeasurementTests */ = {
			isa = PBXGroup;
			children = (
				FAB05D502892401C00525D98 /* Quantity_MeasurementTests.swift */,
			);
			path = Quantity_MeasurementTests;
			sourceTree = "<group>";
		};
		FAB05D592892401C00525D98 /* Quantity_MeasurementUITests */ = {
			isa = PBXGroup;
			children = (
				FAB05D5A2892401C00525D98 /* Quantity_MeasurementUITests.swift */,
				FAB05D5C2892401C00525D98 /* Quantity_MeasurementUITestsLaunchTests.swift */,
			);
			path = Quantity_MeasurementUITests;
			sourceTree = "<group>";
		};
/* End PBXGroup section */

/* Begin PBXNativeTarget section */
		FAB05D352892401700525D98 /* Quantity_Measurement */ = {
			isa = PBXNativeTarget;
			buildConfigurationList = FAB05D602892401C00525D98 /* Build configuration list for PBXNativeTarget "Quantity_Measurement" */;
			buildPhases = (
				FAB05D322892401700525D98 /* Sources */,
				FAB05D332892401700525D98 /* Frameworks */,
				FAB05D342892401700525D98 /* Resources */,
			);
			buildRules = (
			);
			dependencies = (
			);
			name = Quantity_Measurement;
			productName = Quantity_Measurement;
			productReference = FAB05D362892401700525D98 /* Quantity_Measurement.app */;
			productType = "com.apple.product-type.application";
		};
		FAB05D4B2892401C00525D98 /* Quantity_MeasurementTests */ = {
			isa = PBXNativeTarget;
			buildConfigurationList = FAB05D632892401C00525D98 /* Build configuration list for PBXNativeTarget "Quantity_MeasurementTests" */;
			buildPhases = (
				FAB05D482892401C00525D98 /* Sources */,
				FAB05D492892401C00525D98 /* Frameworks */,
				FAB05D4A2892401C00525D98 /* Resources */,
			);
			buildRules = (
			);
			dependencies = (
				FAB05D4E2892401C00525D98 /* PBXTargetDependency */,
			);
			name = Quantity_MeasurementTests;
			productName = Quantity_MeasurementTests;
			productReference = FAB05D4C2892401C00525D98 /* Quantity_MeasurementTests.xctest */;
			productType = "com.apple.product-type.bundle.unit-test";
		};
		FAB05D552892401C00525D98 /* Quantity_MeasurementUITests */ = {
			isa = PBXNativeTarget;
			buildConfigurationList = FAB05D662892401C00525D98 /* Build configuration list for PBXNativeTarget "Quantity_MeasurementUITests" */;
			buildPhases = (
				FAB05D522892401C00525D98 /* Sources */,
				FAB05D532892401C00525D98 /* Frameworks */,
				FAB05D542892401C00525D98 /* Resources */,
			);
			buildRules = (
			);
			dependencies = (
				FAB05D582892401C00525D98 /* PBXTargetDependency */,
			);
			name = Quantity_MeasurementUITests;
			productName = Quantity_MeasurementUITests;
			productReference = FAB05D562892401C00525D98 /* Quantity_MeasurementUITests.xctest */;
			productType = "com.apple.product-type.bundle.ui-testing";
		};
/* End PBXNativeTarget section */

/* Begin PBXProject section */
		FAB05D2E2892401700525D98 /* Project object */ = {
			isa = PBXProject;
			attributes = {
				BuildIndependentTargetsInParallel = 1;
				LastSwiftUpdateCheck = 1340;
				LastUpgradeCheck = 1340;
				TargetAttributes = {
					FAB05D352892401700525D98 = {
						CreatedOnToolsVersion = 13.4.1;
					};
					FAB05D4B2892401C00525D98 = {
						CreatedOnToolsVersion = 13.4.1;
						TestTargetID = FAB05D352892401700525D98;
					};
					FAB05D552892401C00525D98 = {
						CreatedOnToolsVersion = 13.4.1;
						TestTargetID = FAB05D352892401700525D98;
					};
				};
			};
			buildConfigurationList = FAB05D312892401700525D98 /* Build configuration list for PBXProject "Quantity_Measurement" */;
			compatibilityVersion = "Xcode 13.0";
			developmentRegion = en;
			hasScannedForEncodings = 0;
			knownRegions = (
				en,
				Base,
			);
			mainGroup = FAB05D2D2892401700525D98;
			productRefGroup = FAB05D372892401700525D98 /* Products */;
			projectDirPath = "";
			projectRoot = "";
			targets = (
				FAB05D352892401700525D98 /* Quantity_Measurement */,
				FAB05D4B2892401C00525D98 /* Quantity_MeasurementTests */,
				FAB05D552892401C00525D98 /* Quantity_MeasurementUITests */,
			);
		};
/* End PBXProject section */

/* Begin PBXResourcesBuildPhase section */
		FAB05D342892401700525D98 /* Resources */ = {
			isa = PBXResourcesBuildPhase;
			buildActionMask = 2147483647;
			files = (
				FAB05D462892401C00525D98 /* LaunchScreen.storyboard in Resources */,
				FAB05D432892401C00525D98 /* Assets.xcassets in Resources */,
				FAB05D412892401700525D98 /* Main.storyboard in Resources */,
			);
			runOnlyForDeploymentPostprocessing = 0;
		};
		FAB05D4A2892401C00525D98 /* Resources */ = {
			isa = PBXResourcesBuildPhase;
			buildActionMask = 2147483647;
			files = (
			);
			runOnlyForDeploymentPostprocessing = 0;
		};
		FAB05D542892401C00525D98 /* Resources */ = {
			isa = PBXResourcesBuildPhase;
			buildActionMask = 2147483647;
			files = (
			);
			runOnlyForDeploymentPostprocessing = 0;
		};
/* End PBXResourcesBuildPhase section */

/* Begin PBXSourcesBuildPhase section */
		FAB05D322892401700525D98 /* Sources */ = {
			isa = PBXSourcesBuildPhase;
			buildActionMask = 2147483647;
			files = (
				FAB05D3E2892401700525D98 /* ViewController.swift in Sources */,
				FAB05D3A2892401700525D98 /* AppDelegate.swift in Sources */,
				FAB05D3C2892401700525D98 /* SceneDelegate.swift in Sources */,
				FAD149532895939D0005EEAF /* ViewControllerConverter.swift in Sources */,
			);
			runOnlyForDeploymentPostprocessing = 0;
		};
		FAB05D482892401C00525D98 /* Sources */ = {
			isa = PBXSourcesBuildPhase;
			buildActionMask = 2147483647;
			files = (
				FAB05D512892401C00525D98 /* Quantity_MeasurementTests.swift in Sources */,
			);
			runOnlyForDeploymentPostprocessing = 0;
		};
		FAB05D522892401C00525D98 /* Sources */ = {
			isa = PBXSourcesBuildPhase;
			buildActionMask = 2147483647;
			files = (
				FAB05D5D2892401C00525D98 /* Quantity_MeasurementUITestsLaunchTests.swift in Sources */,
				FAB05D5B2892401C00525D98 /* Quantity_MeasurementUITests.swift in Sources */,
			);
			runOnlyForDeploymentPostprocessing = 0;
		};
/* End PBXSourcesBuildPhase section */

/* Begin PBXTargetDependency section */
		FAB05D4E2892401C00525D98 /* PBXTargetDependency */ = {
			isa = PBXTargetDependency;
			target = FAB05D352892401700525D98 /* Quantity_Measurement */;
			targetProxy = FAB05D4D2892401C00525D98 /* PBXContainerItemProxy */;
		};
		FAB05D582892401C00525D98 /* PBXTargetDependency */ = {
			isa = PBXTargetDependency;
			target = FAB05D352892401700525D98 /* Quantity_Measurement */;
			targetProxy = FAB05D572892401C00525D98 /* PBXContainerItemProxy */;
		};
/* End PBXTargetDependency section */

/* Begin PBXVariantGroup section */
		FAB05D3F2892401700525D98 /* Main.storyboard */ = {
			isa = PBXVariantGroup;
			children = (
				FAB05D402892401700525D98 /* Base */,
			);
			name = Main.storyboard;
			sourceTree = "<group>";
		};
		FAB05D442892401C00525D98 /* LaunchScreen.storyboard */ = {
			isa = PBXVariantGroup;
			children = (
				FAB05D452892401C00525D98 /* Base */,
			);
			name = LaunchScreen.storyboard;
			sourceTree = "<group>";
		};
/* End PBXVariantGroup section */

/* Begin XCBuildConfiguration section */
		FAB05D5E2892401C00525D98 /* Debug */ = {
			isa = XCBuildConfiguration;
			buildSettings = {
				ALWAYS_SEARCH_USER_PATHS = NO;
				CLANG_ANALYZER_NONNULL = YES;
				CLANG_ANALYZER_NUMBER_OBJECT_CONVERSION = YES_AGGRESSIVE;
				CLANG_CXX_LANGUAGE_STANDARD = "gnu++17";
				CLANG_ENABLE_MODULES = YES;
				CLANG_ENABLE_OBJC_ARC = YES;
				CLANG_ENABLE_OBJC_WEAK = YES;
				CLANG_WARN_BLOCK_CAPTURE_AUTORELEASING = YES;
				CLANG_WARN_BOOL_CONVERSION = YES;
				CLANG_WARN_COMMA = YES;
				CLANG_WARN_CONSTANT_CONVERSION = YES;
				CLANG_WARN_DEPRECATED_OBJC_IMPLEMENTATIONS = YES;
				CLANG_WARN_DIRECT_OBJC_ISA_USAGE = YES_ERROR;
				CLANG_WARN_DOCUMENTATION_COMMENTS = YES;
				CLANG_WARN_EMPTY_BODY = YES;
				CLANG_WARN_ENUM_CONVERSION = YES;
				CLANG_WARN_INFINITE_RECURSION = YES;
				CLANG_WARN_INT_CONVERSION = YES;
				CLANG_WARN_NON_LITERAL_NULL_CONVERSION = YES;
				CLANG_WARN_OBJC_IMPLICIT_RETAIN_SELF = YES;
				CLANG_WARN_OBJC_LITERAL_CONVERSION = YES;
				CLANG_WARN_OBJC_ROOT_CLASS = YES_ERROR;
				CLANG_WARN_QUOTED_INCLUDE_IN_FRAMEWORK_HEADER = YES;
				CLANG_WARN_RANGE_LOOP_ANALYSIS = YES;
				CLANG_WARN_STRICT_PROTOTYPES = YES;
				CLANG_WARN_SUSPICIOUS_MOVE = YES;
				CLANG_WARN_UNGUARDED_AVAILABILITY = YES_AGGRESSIVE;
				CLANG_WARN_UNREACHABLE_CODE = YES;
				CLANG_WARN__DUPLICATE_METHOD_MATCH = YES;
				COPY_PHASE_STRIP = NO;
				DEBUG_INFORMATION_FORMAT = dwarf;
				ENABLE_STRICT_OBJC_MSGSEND = YES;
				ENABLE_TESTABILITY = YES;
				GCC_C_LANGUAGE_STANDARD = gnu11;
				GCC_DYNAMIC_NO_PIC = NO;
				GCC_NO_COMMON_BLOCKS = YES;
				GCC_OPTIMIZATION_LEVEL = 0;
				GCC_PREPROCESSOR_DEFINITIONS = (
					"DEBUG=1",
					"$(inherited)",
				);
				GCC_WARN_64_TO_32_BIT_CONVERSION = YES;
				GCC_WARN_ABOUT_RETURN_TYPE = YES_ERROR;
				GCC_WARN_UNDECLARED_SELECTOR = YES;
				GCC_WARN_UNINITIALIZED_AUTOS = YES_AGGRESSIVE;
				GCC_WARN_UNUSED_FUNCTION = YES;
				GCC_WARN_UNUSED_VARIABLE = YES;
				IPHONEOS_DEPLOYMENT_TARGET = 15.5;
				MTL_ENABLE_DEBUG_INFO = INCLUDE_SOURCE;
				MTL_FAST_MATH = YES;
				ONLY_ACTIVE_ARCH = YES;
				SDKROOT = iphoneos;
				SWIFT_ACTIVE_COMPILATION_CONDITIONS = DEBUG;
				SWIFT_OPTIMIZATION_LEVEL = "-Onone";
			};
			name = Debug;
		};
		FAB05D5F2892401C00525D98 /* Release */ = {
			isa = XCBuildConfiguration;
			buildSettings = {
				ALWAYS_SEARCH_USER_PATHS = NO;
				CLANG_ANALYZER_NONNULL = YES;
				CLANG_ANALYZER_NUMBER_OBJECT_CONVERSION = YES_AGGRESSIVE;
				CLANG_CXX_LANGUAGE_STANDARD = "gnu++17";
				CLANG_ENABLE_MODULES = YES;
				CLANG_ENABLE_OBJC_ARC = YES;
				CLANG_ENABLE_OBJC_WEAK = YES;
				CLANG_WARN_BLOCK_CAPTURE_AUTORELEASING = YES;
				CLANG_WARN_BOOL_CONVERSION = YES;
				CLANG_WARN_COMMA = YES;
				CLANG_WARN_CONSTANT_CONVERSION = YES;
				CLANG_WARN_DEPRECATED_OBJC_IMPLEMENTATIONS = YES;
				CLANG_WARN_DIRECT_OBJC_ISA_USAGE = YES_ERROR;
				CLANG_WARN_DOCUMENTATION_COMMENTS = YES;
				CLANG_WARN_EMPTY_BODY = YES;
				CLANG_WARN_ENUM_CONVERSION = YES;
				CLANG_WARN_INFINITE_RECURSION = YES;
				CLANG_WARN_INT_CONVERSION = YES;
				CLANG_WARN_NON_LITERAL_NULL_CONVERSION = YES;
				CLANG_WARN_OBJC_IMPLICIT_RETAIN_SELF = YES;
				CLANG_WARN_OBJC_LITERAL_CONVERSION = YES;
				CLANG_WARN_OBJC_ROOT_CLASS = YES_ERROR;
				CLANG_WARN_QUOTED_INCLUDE_IN_FRAMEWORK_HEADER = YES;
				CLANG_WARN_RANGE_LOOP_ANALYSIS = YES;
				CLANG_WARN_STRICT_PROTOTYPES = YES;
				CLANG_WARN_SUSPICIOUS_MOVE = YES;
				CLANG_WARN_UNGUARDED_AVAILABILITY = YES_AGGRESSIVE;
				CLANG_WARN_UNREACHABLE_CODE = YES;
				CLANG_WARN__DUPLICATE_METHOD_MATCH = YES;
				COPY_PHASE_STRIP = NO;
				DEBUG_INFORMATION_FORMAT = "dwarf-with-dsym";
				ENABLE_NS_ASSERTIONS = NO;
				ENABLE_STRICT_OBJC_MSGSEND = YES;
				GCC_C_LANGUAGE_STANDARD = gnu11;
				GCC_NO_COMMON_BLOCKS = YES;
				GCC_WARN_64_TO_32_BIT_CONVERSION = YES;
				GCC_WARN_ABOUT_RETURN_TYPE = YES_ERROR;
				GCC_WARN_UNDECLARED_SELECTOR = YES;
				GCC_WARN_UNINITIALIZED_AUTOS = YES_AGGRESSIVE;
				GCC_WARN_UNUSED_FUNCTION = YES;
				GCC_WARN_UNUSED_VARIABLE = YES;
				IPHONEOS_DEPLOYMENT_TARGET = 15.5;
				MTL_ENABLE_DEBUG_INFO = NO;
				MTL_FAST_MATH = YES;
				SDKROOT = iphoneos;
				SWIFT_COMPILATION_MODE = wholemodule;
				SWIFT_OPTIMIZATION_LEVEL = "-O";
				VALIDATE_PRODUCT = YES;
			};
			name = Release;
		};
		FAB05D612892401C00525D98 /* Debug */ = {
			isa = XCBuildConfiguration;
			buildSettings = {
				ASSETCATALOG_COMPILER_APPICON_NAME = AppIcon;
				ASSETCATALOG_COMPILER_GLOBAL_ACCENT_COLOR_NAME = AccentColor;
				CODE_SIGN_STYLE = Automatic;
				CURRENT_PROJECT_VERSION = 1;
				DEVELOPMENT_TEAM = 7FMXBA4W4Y;
				GENERATE_INFOPLIST_FILE = YES;
				INFOPLIST_FILE = Quantity_Measurement/Info.plist;
				INFOPLIST_KEY_UIApplicationSupportsIndirectInputEvents = YES;
				INFOPLIST_KEY_UILaunchStoryboardName = LaunchScreen;
				INFOPLIST_KEY_UIMainStoryboardFile = Main;
				INFOPLIST_KEY_UISupportedInterfaceOrientations_iPad = "UIInterfaceOrientationPortrait UIInterfaceOrientationPortraitUpsideDown UIInterfaceOrientationLandscapeLeft UIInterfaceOrientationLandscapeRight";
				INFOPLIST_KEY_UISupportedInterfaceOrientations_iPhone = "UIInterfaceOrientationPortrait UIInterfaceOrientationLandscapeLeft UIInterfaceOrientationLandscapeRight";
				LD_RUNPATH_SEARCH_PATHS = (
					"$(inherited)",
					"@executable_path/Frameworks",
				);
				MARKETING_VERSION = 1.0;
				PRODUCT_BUNDLE_IDENTIFIER = "com.bl.Quantity-Measurement";
				PRODUCT_NAME = "$(TARGET_NAME)";
				SWIFT_EMIT_LOC_STRINGS = YES;
				SWIFT_VERSION = 5.0;
				TARGETED_DEVICE_FAMILY = "1,2";
			};
			name = Debug;
		};
		FAB05D622892401C00525D98 /* Release */ = {
			isa = XCBuildConfiguration;
			buildSettings = {
				ASSETCATALOG_COMPILER_APPICON_NAME = AppIcon;
				ASSETCATALOG_COMPILER_GLOBAL_ACCENT_COLOR_NAME = AccentColor;
				CODE_SIGN_STYLE = Automatic;
				CURRENT_PROJECT_VERSION = 1;
				DEVELOPMENT_TEAM = 7FMXBA4W4Y;
				GENERATE_INFOPLIST_FILE = YES;
				INFOPLIST_FILE = Quantity_Measurement/Info.plist;
				INFOPLIST_KEY_UIApplicationSupportsIndirectInputEvents = YES;
				INFOPLIST_KEY_UILaunchStoryboardName = LaunchScreen;
				INFOPLIST_KEY_UIMainStoryboardFile = Main;
				INFOPLIST_KEY_UISupportedInterfaceOrientations_iPad = "UIInterfaceOrientationPortrait UIInterfaceOrientationPortraitUpsideDown UIInterfaceOrientationLandscapeLeft UIInterfaceOrientationLandscapeRight";
				INFOPLIST_KEY_UISupportedInterfaceOrientations_iPhone = "UIInterfaceOrientationPortrait UIInterfaceOrientationLandscapeLeft UIInterfaceOrientationLandscapeRight";
				LD_RUNPATH_SEARCH_PATHS = (
					"$(inherited)",
					"@executable_path/Frameworks",
				);
				MARKETING_VERSION = 1.0;
				PRODUCT_BUNDLE_IDENTIFIER = "com.bl.Quantity-Measurement";
				PRODUCT_NAME = "$(TARGET_NAME)";
				SWIFT_EMIT_LOC_STRINGS = YES;
				SWIFT_VERSION = 5.0;
				TARGETED_DEVICE_FAMILY = "1,2";
			};
			name = Release;
		};
		FAB05D642892401C00525D98 /* Debug */ = {
			isa = XCBuildConfiguration;
			buildSettings = {
				ALWAYS_EMBED_SWIFT_STANDARD_LIBRARIES = YES;
				BUNDLE_LOADER = "$(TEST_HOST)";
				CODE_SIGN_STYLE = Automatic;
				CURRENT_PROJECT_VERSION = 1;
				DEVELOPMENT_TEAM = 7FMXBA4W4Y;
				GENERATE_INFOPLIST_FILE = YES;
				IPHONEOS_DEPLOYMENT_TARGET = 15.5;
				MARKETING_VERSION = 1.0;
				PRODUCT_BUNDLE_IDENTIFIER = "com.bl.Quantity-MeasurementTests";
				PRODUCT_NAME = "$(TARGET_NAME)";
				SWIFT_EMIT_LOC_STRINGS = NO;
				SWIFT_VERSION = 5.0;
				TARGETED_DEVICE_FAMILY = "1,2";
				TEST_HOST = "$(BUILT_PRODUCTS_DIR)/Quantity_Measurement.app/Quantity_Measurement";
			};
			name = Debug;
		};
		FAB05D652892401C00525D98 /* Release */ = {
			isa = XCBuildConfiguration;
			buildSettings = {
				ALWAYS_EMBED_SWIFT_STANDARD_LIBRARIES = YES;
				BUNDLE_LOADER = "$(TEST_HOST)";
				CODE_SIGN_STYLE = Automatic;
				CURRENT_PROJECT_VERSION = 1;
				DEVELOPMENT_TEAM = 7FMXBA4W4Y;
				GENERATE_INFOPLIST_FILE = YES;
				IPHONEOS_DEPLOYMENT_TARGET = 15.5;
				MARKETING_VERSION = 1.0;
				PRODUCT_BUNDLE_IDENTIFIER = "com.bl.Quantity-MeasurementTests";
				PRODUCT_NAME = "$(TARGET_NAME)";
				SWIFT_EMIT_LOC_STRINGS = NO;
				SWIFT_VERSION = 5.0;
				TARGETED_DEVICE_FAMILY = "1,2";
				TEST_HOST = "$(BUILT_PRODUCTS_DIR)/Quantity_Measurement.app/Quantity_Measurement";
			};
			name = Release;
		};
		FAB05D672892401C00525D98 /* Debug */ = {
			isa = XCBuildConfiguration;
			buildSettings = {
				ALWAYS_EMBED_SWIFT_STANDARD_LIBRARIES = YES;
				CODE_SIGN_STYLE = Automatic;
				CURRENT_PROJECT_VERSION = 1;
				DEVELOPMENT_TEAM = 7FMXBA4W4Y;
				GENERATE_INFOPLIST_FILE = YES;
				MARKETING_VERSION = 1.0;
				PRODUCT_BUNDLE_IDENTIFIER = "com.bl.Quantity-MeasurementUITests";
				PRODUCT_NAME = "$(TARGET_NAME)";
				SWIFT_EMIT_LOC_STRINGS = NO;
				SWIFT_VERSION = 5.0;
				TARGETED_DEVICE_FAMILY = "1,2";
				TEST_TARGET_NAME = Quantity_Measurement;
			};
			name = Debug;
		};
		FAB05D682892401C00525D98 /* Release */ = {
			isa = XCBuildConfiguration;
			buildSettings = {
				ALWAYS_EMBED_SWIFT_STANDARD_LIBRARIES = YES;
				CODE_SIGN_STYLE = Automatic;
				CURRENT_PROJECT_VERSION = 1;
				DEVELOPMENT_TEAM = 7FMXBA4W4Y;
				GENERATE_INFOPLIST_FILE = YES;
				MARKETING_VERSION = 1.0;
				PRODUCT_BUNDLE_IDENTIFIER = "com.bl.Quantity-MeasurementUITests";
				PRODUCT_NAME = "$(TARGET_NAME)";
				SWIFT_EMIT_LOC_STRINGS = NO;
				SWIFT_VERSION = 5.0;
				TARGETED_DEVICE_FAMILY = "1,2";
				TEST_TARGET_NAME = Quantity_Measurement;
			};
			name = Release;
		};
/* End XCBuildConfiguration section */

/* Begin XCConfigurationList section */
		FAB05D312892401700525D98 /* Build configuration list for PBXProject "Quantity_Measurement" */ = {
			isa = XCConfigurationList;
			buildConfigurations = (
				FAB05D5E2892401C00525D98 /* Debug */,
				FAB05D5F2892401C00525D98 /* Release */,
			);
			defaultConfigurationIsVisible = 0;
			defaultConfigurationName = Release;
		};
		FAB05D602892401C00525D98 /* Build configuration list for PBXNativeTarget "Quantity_Measurement" */ = {
			isa = XCConfigurationList;
			buildConfigurations = (
				FAB05D612892401C00525D98 /* Debug */,
				FAB05D622892401C00525D98 /* Release */,
			);
			defaultConfigurationIsVisible = 0;
			defaultConfigurationName = Release;
		};
		FAB05D632892401C00525D98 /* Build configuration list for PBXNativeTarget "Quantity_MeasurementTests" */ = {
			isa = XCConfigurationList;
			buildConfigurations = (
				FAB05D642892401C00525D98 /* Debug */,
				FAB05D652892401C00525D98 /* Release */,
			);
			defaultConfigurationIsVisible = 0;
			defaultConfigurationName = Release;
		};
		FAB05D662892401C00525D98 /* Build configuration list for PBXNativeTarget "Quantity_MeasurementUITests" */ = {
			isa = XCConfigurationList;
			buildConfigurations = (
				FAB05D672892401C00525D98 /* Debug */,
				FAB05D682892401C00525D98 /* Release */,
			);
			defaultConfigurationIsVisible = 0;
			defaultConfigurationName = Release;
		};
/* End XCConfigurationList section */
	};
	rootObject = FAB05D2E2892401700525D98 /* Project object */;
}
